{
  "name": "configToGo",
  "lockfileVersion": 3,
  "requires": true,
  "packages": {
    "": {
      "dependencies": {
        "@fontsource/material-icons": "^4.5.4",
        "@fontsource/source-sans-pro": "^4.5.11"
      }
    },
    "node_modules/@fontsource/material-icons": {
      "version": "4.5.4",
      "resolved": "https://registry.npmmirror.com/@fontsource/material-icons/-/material-icons-4.5.4.tgz",
      "integrity": "sha512-YGmXkkEdu6EIgpFKNmB/nIXzZocwSmbI01Ninpmml8x8BT0M6RR++V1KqOfpzZ6Cw/FQ2/KYonQ3x4IY/4VRRA=="
    },
    "node_modules/@fontsource/source-sans-pro": {
      "version": "4.5.11",
      "resolved": "https://registry.npmmirror.com/@fontsource/source-sans-pro/-/source-sans-pro-4.5.11.tgz",
      "integrity": "sha512-f7iw44q1EjBv3MNcHCGAgrW/QVyweaEouFsJzykPhTOGnZFSwFJRISToXornOmuAy7xUUGiVdqOLiykgZoYB8A=="
    }
  }
}
